
Microsoft Visual Studio Solution File, Format Version 12.00
# Visual Studio Version 16
VisualStudioVersion = 16.0.810.6
MinimumVisualStudioVersion = 10.0.40219.1
Project("{FAE04EC0-301F-11D3-BF4B-00C04F79EFBC}") = "API-Pokemons", "API-Pokemons\API-Pokemons.csproj", "{6E14657B-A72A-4E58-A5D0-4B095F356D28}"
EndProject
Global
	GlobalSection(SolutionConfigurationPlatforms) = preSolution
		Debug|Any CPU = Debug|Any CPU
		Release|Any CPU = Release|Any CPU
	EndGlobalSection
	GlobalSection(ProjectConfigurationPlatforms) = postSolution
		{6E14657B-A72A-4E58-A5D0-4B095F356D28}.Debug|Any CPU.ActiveCfg = Debug|Any CPU
		{6E14657B-A72A-4E58-A5D0-4B095F356D28}.Debug|Any CPU.Build.0 = Debug|Any CPU
		{6E14657B-A72A-4E58-A5D0-4B095F356D28}.Release|Any CPU.ActiveCfg = Release|Any CPU
		{6E14657B-A72A-4E58-A5D0-4B095F356D28}.Release|Any CPU.Build.0 = Release|Any CPU
	EndGlobalSection
	GlobalSection(SolutionProperties) = preSolution
		HideSolutionNode = FALSE
	EndGlobalSection
	GlobalSection(ExtensibilityGlobals) = postSolution
		SolutionGuid = {A0888576-086B-49DE-A696-AEF66A0F0EA3}
	EndGlobalSection
EndGlobal
